hash: a7ec318536e840b327b81996eacbd69809aabfa83300cbf3ac9cf544800ff34b
updated: 2018-05-10T18:46:50.035966+02:00
imports:
- name: cloud.google.com/go
  version: 056a55f54a6cc77b440b31a56a5e7c3982d32811
  subpackages:
  - compute/metadata
- name: github.com/golang/protobuf
  version: b4deda0973fb4c70b50d226b1af49f3da59f5265
  subpackages:
  - proto
- name: github.com/jessevdk/go-flags
  version: c6ca198ec95c841fdb89fc0de7496fed11ab854e
- name: golang.org/x/net
  version: 1c05540f6879653db88113bc4a2b70aec4bd491f
  subpackages:
  - context
  - context/ctxhttp
- name: golang.org/x/oauth2
  version: cdc340f7c179dbbfa4afd43b7614e8fcadde4269
  subpackages:
  - '...'
  - google
  - internal
  - jws
  - jwt
- name: google.golang.org/api
  version: 20530fd5d65ad2caee87891f9896d7547cb400c9
  subpackages:
  - gensupport
  - googleapi
  - googleapi/internal/uritemplates
  - youtube/v3
- name: google.golang.org/appengine
  version: 962cbd1200af94a5a35ba8d512e9f91271b4d01a
  subpackages:
  - internal
  - internal/app_identity
  - internal/base
  - internal/datastore
  - internal/log
  - internal/modules
  - internal/remote_api
  - internal/urlfetch
  - urlfetch
testImports: []
