hash: a19a7817fa55c622eafc8e5f5beb1d3e6689c342406652ce29625c9b071452b4
updated: 2018-05-20T14:52:49.2996927+02:00
imports:
- name: cloud.google.com/go
  version: 0fd7230b2a7505833d5f69b75cbd6c9582401479
  subpackages:
  - compute/metadata
- name: github.com/golang/protobuf
  version: b4deda0973fb4c70b50d226b1af49f3da59f5265
  subpackages:
  - proto
- name: github.com/jessevdk/go-flags
  version: c6ca198ec95c841fdb89fc0de7496fed11ab854e
- name: github.com/NOX73/go-neural
  version: f327eff30de74b5b2d18236415bd35a2ee5c4e59
  subpackages:
  - learn
  - persist
- name: golang.org/x/net
  version: 1c05540f6879653db88113bc4a2b70aec4bd491f
  subpackages:
  - context
  - context/ctxhttp
- name: golang.org/x/oauth2
  version: cdc340f7c179dbbfa4afd43b7614e8fcadde4269
  subpackages:
  - '...'
  - google
  - internal
  - jws
  - jwt
- name: google.golang.org/api
  version: 20530fd5d65ad2caee87891f9896d7547cb400c9
  subpackages:
  - gensupport
  - googleapi
  - googleapi/internal/uritemplates
  - youtube/v3
- name: google.golang.org/appengine
  version: 962cbd1200af94a5a35ba8d512e9f91271b4d01a
  subpackages:
  - internal
  - internal/app_identity
  - internal/base
  - internal/datastore
  - internal/log
  - internal/modules
  - internal/remote_api
  - internal/urlfetch
  - urlfetch
testImports: []
