cloud.google.com/go v0.30.0 h1:xKvyLgk56d0nksWq49J0UyGEeUIicTl4+UBiX1NPX9g=
cloud.google.com/go v0.30.0/go.mod h1:aQUYkXzVsufM+DwF1aE+0xfcU+56JwCaLick0ClmMTw=
github.com/jessevdk/go-flags v1.4.0 h1:4IU2WS7AumrZ/40jfhf4QVDMsQwqA7VEHozFRrGARJA=
github.com/jessevdk/go-flags v1.4.0/go.mod h1:4FA24M0QyGHXBuZZK/XkWh8h0e1EYbRYJSGM75WSRxI=
gitlab.com/TheDonDope/gocha v1.0.0 h1:2tdupeMn2R9OaeWzvo35/4g78tFYD+BL3BAJN3x+/yg=
gitlab.com/TheDonDope/gocha/v3 v3.0.0 h1:7KyZoyTO1iUF+88RgkMA52kM5UbdOuvZZ9SQYSYRaCY=
gitlab.com/TheDonDope/gocha/v3 v3.0.0/go.mod h1:LVcSMF4i7iImovYf4d/UpXRuPhf9uDZBhjoG5ijzm8A=
golang.org/x/net v0.0.0-20181017193950-04a2e542c03f h1:4pRM7zYwpBjCnfA1jRmhItLxYJkaEnsmuAcRtA347DA=
golang.org/x/net v0.0.0-20181017193950-04a2e542c03f/go.mod h1:mL1N/T3taQHkDXs73rZJwtUhF3w3ftmwwsq0BUmARs4=
golang.org/x/oauth2 v0.0.0-20181017192945-9dcd33a902f4 h1:99CA0JJbUX4ozCnLon680Jc9e0T1i8HCaLVJMwtI8Hc=
golang.org/x/oauth2 v0.0.0-20181017192945-9dcd33a902f4/go.mod h1:N/0e6XlmueqKjAGxoOufVs8QHGRruUQn6yWY3a++T0U=
google.golang.org/api v0.0.0-20181021000519-a2651947f503 h1:UK7/bFlIoP9xre0fwSiXFaZZSpzmaen5MKp1sppNJ9U=
google.golang.org/api v0.0.0-20181021000519-a2651947f503/go.mod h1:4mhQ8q/RsB7i+udVvVy5NUi08OU8ZlA0gRVgrF7VFY0=
