hash: 6e4f7b9e01cfef49d60755de11e40fbcdeba852fd23d8e2291982320798ae300
updated: 2018-05-08T22:18:47.465609+02:00
imports:
- name: cloud.google.com/go
  version: 29f476ffa9c4cd4fd14336b6043090ac1ad76733
  subpackages:
  - compute/metadata
- name: github.com/golang/protobuf
  version: b4deda0973fb4c70b50d226b1af49f3da59f5265
  subpackages:
  - proto
- name: golang.org/x/net
  version: 1c05540f6879653db88113bc4a2b70aec4bd491f
  subpackages:
  - context
  - context/ctxhttp
- name: golang.org/x/oauth2
  version: cdc340f7c179dbbfa4afd43b7614e8fcadde4269
  subpackages:
  - '...'
  - google
  - internal
  - jws
  - jwt
- name: google.golang.org/api
  version: 20530fd5d65ad2caee87891f9896d7547cb400c9
  subpackages:
  - gensupport
  - googleapi
  - googleapi/internal/uritemplates
  - youtube/v3
- name: google.golang.org/appengine
  version: 962cbd1200af94a5a35ba8d512e9f91271b4d01a
  subpackages:
  - internal
  - internal/app_identity
  - internal/base
  - internal/datastore
  - internal/log
  - internal/modules
  - internal/remote_api
  - internal/urlfetch
  - urlfetch
testImports: []
